# THIS IS AN AUTOGENERATED FILE. DO NOT EDIT THIS FILE DIRECTLY.
# yarn lockfile v1


"@types/node@^22.19.15":
  version "22.19.15"
  resolved "https://bnpm.byted.org/@types/node/-/node-22.19.15.tgz#6091d99fdf7c08cb57dc8b1345d407ba9a1df576"
  integrity sha512-F0R/h2+dsy5wJAUe3tAU6oqa2qbWY5TpNfL/RGmo1y38hiyO1w3x2jPtt76wmuaJI4DQnOBu21cNXQ2STIUUWg==
  dependencies:
    undici-types "~6.21.0"

node-addon-api@^8.6.0:
  version "8.6.0"
  resolved "https://bnpm.byted.org/node-addon-api/-/node-addon-api-8.6.0.tgz#b22497201b465cd0a92ef2c01074ee5068c79a6d"
  integrity sha512-gBVjCaqDlRUk0EwoPNKzIr9KkS9041G/q31IBShPs1Xz6UTA+EXdZADbzqAJQrpDRq71CIMnOP5VMut3SL0z5Q==

undici-types@~6.21.0:
  version "6.21.0"
  resolved "https://bnpm.byted.org/undici-types/-/undici-types-6.21.0.tgz#691d00af3909be93a7faa13be61b3a5b50ef12cb"
  integrity sha512-iwDZqg0QAGrg9Rav5H4n0M64c3mkR59cJ6wQp+7C4nI0gsmExaedaYLNO44eT4AtBBwjbTiGPMlt2Md0T9H9JQ==
